// !$*UTF8*$!
{
	archiveVersion = 1;
	classes = {
	};
	objectVersion = 55;
	objects = {

/* Begin PBXBuildFile section */
		95EA358328CCEAA8004155E4 /* FlashCardsApp.swift in Sources */ = {isa = PBXBuildFile; fileRef = 95EA358228CCEAA8004155E4 /* FlashCardsApp.swift */; };
		95EA358528CCEAA8004155E4 /* ContentView.swift in Sources */ = {isa = PBXBuildFile; fileRef = 95EA358428CCEAA8004155E4 /* ContentView.swift */; };
		95EA358728CCEAA9004155E4 /* Assets.xcassets in Resources */ = {isa = PBXBuildFile; fileRef = 95EA358628CCEAA9004155E4 /* Assets.xcassets */; };
		95EA358A28CCEAA9004155E4 /* Preview Assets.xcassets in Resources */ = {isa = PBXBuildFile; fileRef = 95EA358928CCEAA9004155E4 /* Preview Assets.xcassets */; };
		95EA358C28CCEAA9004155E4 /* Persistence.swift in Sources */ = {isa = PBXBuildFile; fileRef = 95EA358B28CCEAA9004155E4 /* Persistence.swift */; };
		95EA358F28CCEAA9004155E4 /* FlashCards.xcdatamodeld in Sources */ = {isa = PBXBuildFile; fileRef = 95EA358D28CCEAA9004155E4 /* FlashCards.xcdatamodeld */; };
		95EA359928CCEAA9004155E4 /* FlashCardsTests.swift in Sources */ = {isa = PBXBuildFile; fileRef = 95EA359828CCEAA9004155E4 /* FlashCardsTests.swift */; };
		95EA35A328CCEAA9004155E4 /* FlashCardsUITests.swift in Sources */ = {isa = PBXBuildFile; fileRef = 95EA35A228CCEAA9004155E4 /* FlashCardsUITests.swift */; };
		95EA35A528CCEAA9004155E4 /* FlashCardsUITestsLaunchTests.swift in Sources */ = {isa = PBXBuildFile; fileRef = 95EA35A428CCEAA9004155E4 /* FlashCardsUITestsLaunchTests.swift */; };
/* End PBXBuildFile section */

/* Begin PBXContainerItemProxy section */
		95EA359528CCEAA9004155E4 /* PBXContainerItemProxy */ = {
			isa = PBXContainerItemProxy;
			containerPortal = 95EA357728CCEAA8004155E4 /* Project object */;
			proxyType = 1;
			remoteGlobalIDString = 95EA357E28CCEAA8004155E4;
			remoteInfo = FlashCards;
		};
		95EA359F28CCEAA9004155E4 /* PBXContainerItemProxy */ = {
			isa = PBXContainerItemProxy;
			containerPortal = 95EA357728CCEAA8004155E4 /* Project object */;
			proxyType = 1;
			remoteGlobalIDString = 95EA357E28CCEAA8004155E4;
			remoteInfo = FlashCards;
		};
/* End PBXContainerItemProxy section */

/* Begin PBXFileReference section */
		95EA357F28CCEAA8004155E4 /* FlashCards.app */ = {isa = PBXFileReference; explicitFileType = wrapper.application; includeInIndex = 0; path = FlashCards.app; sourceTree = BUILT_PRODUCTS_DIR; };
		95EA358228CCEAA8004155E4 /* FlashCardsApp.swift */ = {isa = PBXFileReference; lastKnownFileType = sourcecode.swift; path = FlashCardsApp.swift; sourceTree = "<group>"; };
		95EA358428CCEAA8004155E4 /* ContentView.swift */ = {isa = PBXFileReference; lastKnownFileType = sourcecode.swift; path = ContentView.swift; sourceTree = "<group>"; };
		95EA358628CCEAA9004155E4 /* Assets.xcassets */ = {isa = PBXFileReference; lastKnownFileType = folder.assetcatalog; path = Assets.xcassets; sourceTree = "<group>"; };
		95EA358928CCEAA9004155E4 /* Preview Assets.xcassets */ = {isa = PBXFileReference; lastKnownFileType = folder.assetcatalog; path = "Preview Assets.xcassets"; sourceTree = "<group>"; };
		95EA358B28CCEAA9004155E4 /* Persistence.swift */ = {isa = PBXFileReference; lastKnownFileType = sourcecode.swift; path = Persistence.swift; sourceTree = "<group>"; };
		95EA358E28CCEAA9004155E4 /* FlashCards.xcdatamodel */ = {isa = PBXFileReference; lastKnownFileType = wrapper.xcdatamodel; path = FlashCards.xcdatamodel; sourceTree = "<group>"; };
		95EA359428CCEAA9004155E4 /* FlashCardsTests.xctest */ = {isa = PBXFileReference; explicitFileType = wrapper.cfbundle; includeInIndex = 0; path = FlashCardsTests.xctest; sourceTree = BUILT_PRODUCTS_DIR; };
		95EA359828CCEAA9004155E4 /* FlashCardsTests.swift */ = {isa = PBXFileReference; lastKnownFileType = sourcecode.swift; path = FlashCardsTests.swift; sourceTree = "<group>"; };
		95EA359E28CCEAA9004155E4 /* FlashCardsUITests.xctest */ = {isa = PBXFileReference; explicitFileType = wrapper.cfbundle; includeInIndex = 0; path = FlashCardsUITests.xctest; sourceTree = BUILT_PRODUCTS_DIR; };
		95EA35A228CCEAA9004155E4 /* FlashCardsUITests.swift */ = {isa = PBXFileReference; lastKnownFileType = sourcecode.swift; path = FlashCardsUITests.swift; sourceTree = "<group>"; };
		95EA35A428CCEAA9004155E4 /* FlashCardsUITestsLaunchTests.swift */ = {isa = PBXFileReference; lastKnownFileType = sourcecode.swift; path = FlashCardsUITestsLaunchTests.swift; sourceTree = "<group>"; };
/* End PBXFileReference section */

/* Begin PBXFrameworksBuildPhase section */
		95EA357C28CCEAA8004155E4 /* Frameworks */ = {
			isa = PBXFrameworksBuildPhase;
			buildActionMask = 2147483647;
			files = (
			);
			runOnlyForDeploymentPostprocessing = 0;
		};
		95EA359128CCEAA9004155E4 /* Frameworks */ = {
			isa = PBXFrameworksBuildPhase;
			buildActionMask = 2147483647;
			files = (
			);
			runOnlyForDeploymentPostprocessing = 0;
		};
		95EA359B28CCEAA9004155E4 /* Frameworks */ = {
			isa = PBXFrameworksBuildPhase;
			buildActionMask = 2147483647;
			files = (
			);
			runOnlyForDeploymentPostprocessing = 0;
		};
/* End PBXFrameworksBuildPhase section */

/* Begin PBXGroup section */
		95EA357628CCEAA8004155E4 = {
			isa = PBXGroup;
			children = (
				95EA358128CCEAA8004155E4 /* FlashCards */,
				95EA359728CCEAA9004155E4 /* FlashCardsTests */,
				95EA35A128CCEAA9004155E4 /* FlashCardsUITests */,
				95EA358028CCEAA8004155E4 /* Products */,
			);
			sourceTree = "<group>";
		};
		95EA358028CCEAA8004155E4 /* Products */ = {
			isa = PBXGroup;
			children = (
				95EA357F28CCEAA8004155E4 /* FlashCards.app */,
				95EA359428CCEAA9004155E4 /* FlashCardsTests.xctest */,
				95EA359E28CCEAA9004155E4 /* FlashCardsUITests.xctest */,
			);
			name = Products;
			sourceTree = "<group>";
		};
		95EA358128CCEAA8004155E4 /* FlashCards */ = {
			isa = PBXGroup;
			children = (
				95EA358228CCEAA8004155E4 /* FlashCardsApp.swift */,
				95EA358428CCEAA8004155E4 /* ContentView.swift */,
				95EA358628CCEAA9004155E4 /* Assets.xcassets */,
				95EA358B28CCEAA9004155E4 /* Persistence.swift */,
				95EA358D28CCEAA9004155E4 /* FlashCards.xcdatamodeld */,
				95EA358828CCEAA9004155E4 /* Preview Content */,
			);
			path = FlashCards;
			sourceTree = "<group>";
		};
		95EA358828CCEAA9004155E4 /* Preview Content */ = {
			isa = PBXGroup;
			children = (
				95EA358928CCEAA9004155E4 /* Preview Assets.xcassets */,
			);
			path = "Preview Content";
			sourceTree = "<group>";
		};
		95EA359728CCEAA9004155E4 /* FlashCardsTests */ = {
			isa = PBXGroup;
			children = (
				95EA359828CCEAA9004155E4 /* FlashCardsTests.swift */,
			);
			path = FlashCardsTests;
			sourceTree = "<group>";
		};
		95EA35A128CCEAA9004155E4 /* FlashCardsUITests */ = {
			isa = PBXGroup;
			children = (
				95EA35A228CCEAA9004155E4 /* FlashCardsUITests.swift */,
				95EA35A428CCEAA9004155E4 /* FlashCardsUITestsLaunchTests.swift */,
			);
			path = FlashCardsUITests;
			sourceTree = "<group>";
		};
/* End PBXGroup section */

/* Begin PBXNativeTarget section */
		95EA357E28CCEAA8004155E4 /* FlashCards */ = {
			isa = PBXNativeTarget;
			buildConfigurationList = 95EA35A828CCEAA9004155E4 /* Build configuration list for PBXNativeTarget "FlashCards" */;
			buildPhases = (
				95EA357B28CCEAA8004155E4 /* Sources */,
				95EA357C28CCEAA8004155E4 /* Frameworks */,
				95EA357D28CCEAA8004155E4 /* Resources */,
			);
			buildRules = (
			);
			dependencies = (
			);
			name = FlashCards;
			productName = FlashCards;
			productReference = 95EA357F28CCEAA8004155E4 /* FlashCards.app */;
			productType = "com.apple.product-type.application";
		};
		95EA359328CCEAA9004155E4 /* FlashCardsTests */ = {
			isa = PBXNativeTarget;
			buildConfigurationList = 95EA35AB28CCEAA9004155E4 /* Build configuration list for PBXNativeTarget "FlashCardsTests" */;
			buildPhases = (
				95EA359028CCEAA9004155E4 /* Sources */,
				95EA359128CCEAA9004155E4 /* Frameworks */,
				95EA359228CCEAA9004155E4 /* Resources */,
			);
			buildRules = (
			);
			dependencies = (
				95EA359628CCEAA9004155E4 /* PBXTargetDependency */,
			);
			name = FlashCardsTests;
			productName = FlashCardsTests;
			productReference = 95EA359428CCEAA9004155E4 /* FlashCardsTests.xctest */;
			productType = "com.apple.product-type.bundle.unit-test";
		};
		95EA359D28CCEAA9004155E4 /* FlashCardsUITests */ = {
			isa = PBXNativeTarget;
			buildConfigurationList = 95EA35AE28CCEAA9004155E4 /* Build configuration list for PBXNativeTarget "FlashCardsUITests" */;
			buildPhases = (
				95EA359A28CCEAA9004155E4 /* Sources */,
				95EA359B28CCEAA9004155E4 /* Frameworks */,
				95EA359C28CCEAA9004155E4 /* Resources */,
			);
			buildRules = (
			);
			dependencies = (
				95EA35A028CCEAA9004155E4 /* PBXTargetDependency */,
			);
			name = FlashCardsUITests;
			productName = FlashCardsUITests;
			productReference = 95EA359E28CCEAA9004155E4 /* FlashCardsUITests.xctest */;
			productType = "com.apple.product-type.bundle.ui-testing";
		};
/* End PBXNativeTarget section */

/* Begin PBXProject section */
		95EA357728CCEAA8004155E4 /* Project object */ = {
			isa = PBXProject;
			attributes = {
				BuildIndependentTargetsInParallel = 1;
				LastSwiftUpdateCheck = 1340;
				LastUpgradeCheck = 1340;
				TargetAttributes = {
					95EA357E28CCEAA8004155E4 = {
						CreatedOnToolsVersion = 13.4.1;
					};
					95EA359328CCEAA9004155E4 = {
						CreatedOnToolsVersion = 13.4.1;
						TestTargetID = 95EA357E28CCEAA8004155E4;
					};
					95EA359D28CCEAA9004155E4 = {
						CreatedOnToolsVersion = 13.4.1;
						TestTargetID = 95EA357E28CCEAA8004155E4;
					};
				};
			};
			buildConfigurationList = 95EA357A28CCEAA8004155E4 /* Build configuration list for PBXProject "FlashCards" */;
			compatibilityVersion = "Xcode 13.0";
			developmentRegion = en;
			hasScannedForEncodings = 0;
			knownRegions = (
				en,
				Base,
			);
			mainGroup = 95EA357628CCEAA8004155E4;
			productRefGroup = 95EA358028CCEAA8004155E4 /* Products */;
			projectDirPath = "";
			projectRoot = "";
			targets = (
				95EA357E28CCEAA8004155E4 /* FlashCards */,
				95EA359328CCEAA9004155E4 /* FlashCardsTests */,
				95EA359D28CCEAA9004155E4 /* FlashCardsUITests */,
			);
		};
/* End PBXProject section */

/* Begin PBXResourcesBuildPhase section */
		95EA357D28CCEAA8004155E4 /* Resources */ = {
			isa = PBXResourcesBuildPhase;
			buildActionMask = 2147483647;
			files = (
				95EA358A28CCEAA9004155E4 /* Preview Assets.xcassets in Resources */,
				95EA358728CCEAA9004155E4 /* Assets.xcassets in Resources */,
			);
			runOnlyForDeploymentPostprocessing = 0;
		};
		95EA359228CCEAA9004155E4 /* Resources */ = {
			isa = PBXResourcesBuildPhase;
			buildActionMask = 2147483647;
			files = (
			);
			runOnlyForDeploymentPostprocessing = 0;
		};
		95EA359C28CCEAA9004155E4 /* Resources */ = {
			isa = PBXResourcesBuildPhase;
			buildActionMask = 2147483647;
			files = (
			);
			runOnlyForDeploymentPostprocessing = 0;
		};
/* End PBXResourcesBuildPhase section */

/* Begin PBXSourcesBuildPhase section */
		95EA357B28CCEAA8004155E4 /* Sources */ = {
			isa = PBXSourcesBuildPhase;
			buildActionMask = 2147483647;
			files = (
				95EA358C28CCEAA9004155E4 /* Persistence.swift in Sources */,
				95EA358528CCEAA8004155E4 /* ContentView.swift in Sources */,
				95EA358F28CCEAA9004155E4 /* FlashCards.xcdatamodeld in Sources */,
				95EA358328CCEAA8004155E4 /* FlashCardsApp.swift in Sources */,
			);
			runOnlyForDeploymentPostprocessing = 0;
		};
		95EA359028CCEAA9004155E4 /* Sources */ = {
			isa = PBXSourcesBuildPhase;
			buildActionMask = 2147483647;
			files = (
				95EA359928CCEAA9004155E4 /* FlashCardsTests.swift in Sources */,
			);
			runOnlyForDeploymentPostprocessing = 0;
		};
		95EA359A28CCEAA9004155E4 /* Sources */ = {
			isa = PBXSourcesBuildPhase;
			buildActionMask = 2147483647;
			files = (
				95EA35A328CCEAA9004155E4 /* FlashCardsUITests.swift in Sources */,
				95EA35A528CCEAA9004155E4 /* FlashCardsUITestsLaunchTests.swift in Sources */,
			);
			runOnlyForDeploymentPostprocessing = 0;
		};
/* End PBXSourcesBuildPhase section */

/* Begin PBXTargetDependency section */
		95EA359628CCEAA9004155E4 /* PBXTargetDependency */ = {
			isa = PBXTargetDependency;
			target = 95EA357E28CCEAA8004155E4 /* FlashCards */;
			targetProxy = 95EA359528CCEAA9004155E4 /* PBXContainerItemProxy */;
		};
		95EA35A028CCEAA9004155E4 /* PBXTargetDependency */ = {
			isa = PBXTargetDependency;
			target = 95EA357E28CCEAA8004155E4 /* FlashCards */;
			targetProxy = 95EA359F28CCEAA9004155E4 /* PBXContainerItemProxy */;
		};
/* End PBXTargetDependency section */

/* Begin XCBuildConfiguration section */
		95EA35A628CCEAA9004155E4 /* Debug */ = {
			isa = XCBuildConfiguration;
			buildSettings = {
				ALWAYS_SEARCH_USER_PATHS = NO;
				CLANG_ANALYZER_NONNULL = YES;
				CLANG_ANALYZER_NUMBER_OBJECT_CONVERSION = YES_AGGRESSIVE;
				CLANG_CXX_LANGUAGE_STANDARD = "gnu++17";
				CLANG_ENABLE_MODULES = YES;
				CLANG_ENABLE_OBJC_ARC = YES;
				CLANG_ENABLE_OBJC_WEAK = YES;
				CLANG_WARN_BLOCK_CAPTURE_AUTORELEASING = YES;
				CLANG_WARN_BOOL_CONVERSION = YES;
				CLANG_WARN_COMMA = YES;
				CLANG_WARN_CONSTANT_CONVERSION = YES;
				CLANG_WARN_DEPRECATED_OBJC_IMPLEMENTATIONS = YES;
				CLANG_WARN_DIRECT_OBJC_ISA_USAGE = YES_ERROR;
				CLANG_WARN_DOCUMENTATION_COMMENTS = YES;
				CLANG_WARN_EMPTY_BODY = YES;
				CLANG_WARN_ENUM_CONVERSION = YES;
				CLANG_WARN_INFINITE_RECURSION = YES;
				CLANG_WARN_INT_CONVERSION = YES;
				CLANG_WARN_NON_LITERAL_NULL_CONVERSION = YES;
				CLANG_WARN_OBJC_IMPLICIT_RETAIN_SELF = YES;
				CLANG_WARN_OBJC_LITERAL_CONVERSION = YES;
				CLANG_WARN_OBJC_ROOT_CLASS = YES_ERROR;
				CLANG_WARN_QUOTED_INCLUDE_IN_FRAMEWORK_HEADER = YES;
				CLANG_WARN_RANGE_LOOP_ANALYSIS = YES;
				CLANG_WARN_STRICT_PROTOTYPES = YES;
				CLANG_WARN_SUSPICIOUS_MOVE = YES;
				CLANG_WARN_UNGUARDED_AVAILABILITY = YES_AGGRESSIVE;
				CLANG_WARN_UNREACHABLE_CODE = YES;
				CLANG_WARN__DUPLICATE_METHOD_MATCH = YES;
				COPY_PHASE_STRIP = NO;
				DEBUG_INFORMATION_FORMAT = dwarf;
				ENABLE_STRICT_OBJC_MSGSEND = YES;
				ENABLE_TESTABILITY = YES;
				GCC_C_LANGUAGE_STANDARD = gnu11;
				GCC_DYNAMIC_NO_PIC = NO;
				GCC_NO_COMMON_BLOCKS = YES;
				GCC_OPTIMIZATION_LEVEL = 0;
				GCC_PREPROCESSOR_DEFINITIONS = (
					"DEBUG=1",
					"$(inherited)",
				);
				GCC_WARN_64_TO_32_BIT_CONVERSION = YES;
				GCC_WARN_ABOUT_RETURN_TYPE = YES_ERROR;
				GCC_WARN_UNDECLARED_SELECTOR = YES;
				GCC_WARN_UNINITIALIZED_AUTOS = YES_AGGRESSIVE;
				GCC_WARN_UNUSED_FUNCTION = YES;
				GCC_WARN_UNUSED_VARIABLE = YES;
				IPHONEOS_DEPLOYMENT_TARGET = 15.5;
				MTL_ENABLE_DEBUG_INFO = INCLUDE_SOURCE;
				MTL_FAST_MATH = YES;
				ONLY_ACTIVE_ARCH = YES;
				SDKROOT = iphoneos;
				SWIFT_ACTIVE_COMPILATION_CONDITIONS = DEBUG;
				SWIFT_OPTIMIZATION_LEVEL = "-Onone";
			};
			name = Debug;
		};
		95EA35A728CCEAA9004155E4 /* Release */ = {
			isa = XCBuildConfiguration;
			buildSettings = {
				ALWAYS_SEARCH_USER_PATHS = NO;
				CLANG_ANALYZER_NONNULL = YES;
				CLANG_ANALYZER_NUMBER_OBJECT_CONVERSION = YES_AGGRESSIVE;
				CLANG_CXX_LANGUAGE_STANDARD = "gnu++17";
				CLANG_ENABLE_MODULES = YES;
				CLANG_ENABLE_OBJC_ARC = YES;
				CLANG_ENABLE_OBJC_WEAK = YES;
				CLANG_WARN_BLOCK_CAPTURE_AUTORELEASING = YES;
				CLANG_WARN_BOOL_CONVERSION = YES;
				CLANG_WARN_COMMA = YES;
				CLANG_WARN_CONSTANT_CONVERSION = YES;
				CLANG_WARN_DEPRECATED_OBJC_IMPLEMENTATIONS = YES;
				CLANG_WARN_DIRECT_OBJC_ISA_USAGE = YES_ERROR;
				CLANG_WARN_DOCUMENTATION_COMMENTS = YES;
				CLANG_WARN_EMPTY_BODY = YES;
				CLANG_WARN_ENUM_CONVERSION = YES;
				CLANG_WARN_INFINITE_RECURSION = YES;
				CLANG_WARN_INT_CONVERSION = YES;
				CLANG_WARN_NON_LITERAL_NULL_CONVERSION = YES;
				CLANG_WARN_OBJC_IMPLICIT_RETAIN_SELF = YES;
				CLANG_WARN_OBJC_LITERAL_CONVERSION = YES;
				CLANG_WARN_OBJC_ROOT_CLASS = YES_ERROR;
				CLANG_WARN_QUOTED_INCLUDE_IN_FRAMEWORK_HEADER = YES;
				CLANG_WARN_RANGE_LOOP_ANALYSIS = YES;
				CLANG_WARN_STRICT_PROTOTYPES = YES;
				CLANG_WARN_SUSPICIOUS_MOVE = YES;
				CLANG_WARN_UNGUARDED_AVAILABILITY = YES_AGGRESSIVE;
				CLANG_WARN_UNREACHABLE_CODE = YES;
				CLANG_WARN__DUPLICATE_METHOD_MATCH = YES;
				COPY_PHASE_STRIP = NO;
				DEBUG_INFORMATION_FORMAT = "dwarf-with-dsym";
				ENABLE_NS_ASSERTIONS = NO;
				ENABLE_STRICT_OBJC_MSGSEND = YES;
				GCC_C_LANGUAGE_STANDARD = gnu11;
				GCC_NO_COMMON_BLOCKS = YES;
				GCC_WARN_64_TO_32_BIT_CONVERSION = YES;
				GCC_WARN_ABOUT_RETURN_TYPE = YES_ERROR;
				GCC_WARN_UNDECLARED_SELECTOR = YES;
				GCC_WARN_UNINITIALIZED_AUTOS = YES_AGGRESSIVE;
				GCC_WARN_UNUSED_FUNCTION = YES;
				GCC_WARN_UNUSED_VARIABLE = YES;
				IPHONEOS_DEPLOYMENT_TARGET = 15.5;
				MTL_ENABLE_DEBUG_INFO = NO;
				MTL_FAST_MATH = YES;
				SDKROOT = iphoneos;
				SWIFT_COMPILATION_MODE = wholemodule;
				SWIFT_OPTIMIZATION_LEVEL = "-O";
				VALIDATE_PRODUCT = YES;
			};
			name = Release;
		};
		95EA35A928CCEAA9004155E4 /* Debug */ = {
			isa = XCBuildConfiguration;
			buildSettings = {
				ASSETCATALOG_COMPILER_APPICON_NAME = AppIcon;
				ASSETCATALOG_COMPILER_GLOBAL_ACCENT_COLOR_NAME = AccentColor;
				CODE_SIGN_STYLE = Automatic;
				CURRENT_PROJECT_VERSION = 1;
				DEVELOPMENT_ASSET_PATHS = "\"FlashCards/Preview Content\"";
				DEVELOPMENT_TEAM = 35GM6XG62S;
				ENABLE_PREVIEWS = YES;
				GENERATE_INFOPLIST_FILE = YES;
				INFOPLIST_KEY_UIApplicationSceneManifest_Generation = YES;
				INFOPLIST_KEY_UIApplicationSupportsIndirectInputEvents = YES;
				INFOPLIST_KEY_UILaunchScreen_Generation = YES;
				INFOPLIST_KEY_UISupportedInterfaceOrientations_iPad = "UIInterfaceOrientationPortrait UIInterfaceOrientationPortraitUpsideDown UIInterfaceOrientationLandscapeLeft UIInterfaceOrientationLandscapeRight";
				INFOPLIST_KEY_UISupportedInterfaceOrientations_iPhone = "UIInterfaceOrientationPortrait UIInterfaceOrientationLandscapeLeft UIInterfaceOrientationLandscapeRight";
				LD_RUNPATH_SEARCH_PATHS = (
					"$(inherited)",
					"@executable_path/Frameworks",
				);
				MARKETING_VERSION = 1.0;
				PRODUCT_BUNDLE_IDENTIFIER = Academy.FlashCards;
				PRODUCT_NAME = "$(TARGET_NAME)";
				SWIFT_EMIT_LOC_STRINGS = YES;
				SWIFT_VERSION = 5.0;
				TARGETED_DEVICE_FAMILY = "1,2";
			};
			name = Debug;
		};
		95EA35AA28CCEAA9004155E4 /* Release */ = {
			isa = XCBuildConfiguration;
			buildSettings = {
				ASSETCATALOG_COMPILER_APPICON_NAME = AppIcon;
				ASSETCATALOG_COMPILER_GLOBAL_ACCENT_COLOR_NAME = AccentColor;
				CODE_SIGN_STYLE = Automatic;
				CURRENT_PROJECT_VERSION = 1;
				DEVELOPMENT_ASSET_PATHS = "\"FlashCards/Preview Content\"";
				DEVELOPMENT_TEAM = 35GM6XG62S;
				ENABLE_PREVIEWS = YES;
				GENERATE_INFOPLIST_FILE = YES;
				INFOPLIST_KEY_UIApplicationSceneManifest_Generation = YES;
				INFOPLIST_KEY_UIApplicationSupportsIndirectInputEvents = YES;
				INFOPLIST_KEY_UILaunchScreen_Generation = YES;
				INFOPLIST_KEY_UISupportedInterfaceOrientations_iPad = "UIInterfaceOrientationPortrait UIInterfaceOrientationPortraitUpsideDown UIInterfaceOrientationLandscapeLeft UIInterfaceOrientationLandscapeRight";
				INFOPLIST_KEY_UISupportedInterfaceOrientations_iPhone = "UIInterfaceOrientationPortrait UIInterfaceOrientationLandscapeLeft UIInterfaceOrientationLandscapeRight";
				LD_RUNPATH_SEARCH_PATHS = (
					"$(inherited)",
					"@executable_path/Frameworks",
				);
				MARKETING_VERSION = 1.0;
				PRODUCT_BUNDLE_IDENTIFIER = Academy.FlashCards;
				PRODUCT_NAME = "$(TARGET_NAME)";
				SWIFT_EMIT_LOC_STRINGS = YES;
				SWIFT_VERSION = 5.0;
				TARGETED_DEVICE_FAMILY = "1,2";
			};
			name = Release;
		};
		95EA35AC28CCEAA9004155E4 /* Debug */ = {
			isa = XCBuildConfiguration;
			buildSettings = {
				ALWAYS_EMBED_SWIFT_STANDARD_LIBRARIES = YES;
				BUNDLE_LOADER = "$(TEST_HOST)";
				CODE_SIGN_STYLE = Automatic;
				CURRENT_PROJECT_VERSION = 1;
				DEVELOPMENT_TEAM = 35GM6XG62S;
				GENERATE_INFOPLIST_FILE = YES;
				IPHONEOS_DEPLOYMENT_TARGET = 15.5;
				MARKETING_VERSION = 1.0;
				PRODUCT_BUNDLE_IDENTIFIER = Academy.FlashCardsTests;
				PRODUCT_NAME = "$(TARGET_NAME)";
				SWIFT_EMIT_LOC_STRINGS = NO;
				SWIFT_VERSION = 5.0;
				TARGETED_DEVICE_FAMILY = "1,2";
				TEST_HOST = "$(BUILT_PRODUCTS_DIR)/FlashCards.app/FlashCards";
			};
			name = Debug;
		};
		95EA35AD28CCEAA9004155E4 /* Release */ = {
			isa = XCBuildConfiguration;
			buildSettings = {
				ALWAYS_EMBED_SWIFT_STANDARD_LIBRARIES = YES;
				BUNDLE_LOADER = "$(TEST_HOST)";
				CODE_SIGN_STYLE = Automatic;
				CURRENT_PROJECT_VERSION = 1;
				DEVELOPMENT_TEAM = 35GM6XG62S;
				GENERATE_INFOPLIST_FILE = YES;
				IPHONEOS_DEPLOYMENT_TARGET = 15.5;
				MARKETING_VERSION = 1.0;
				PRODUCT_BUNDLE_IDENTIFIER = Academy.FlashCardsTests;
				PRODUCT_NAME = "$(TARGET_NAME)";
				SWIFT_EMIT_LOC_STRINGS = NO;
				SWIFT_VERSION = 5.0;
				TARGETED_DEVICE_FAMILY = "1,2";
				TEST_HOST = "$(BUILT_PRODUCTS_DIR)/FlashCards.app/FlashCards";
			};
			name = Release;
		};
		95EA35AF28CCEAA9004155E4 /* Debug */ = {
			isa = XCBuildConfiguration;
			buildSettings = {
				ALWAYS_EMBED_SWIFT_STANDARD_LIBRARIES = YES;
				CODE_SIGN_STYLE = Automatic;
				CURRENT_PROJECT_VERSION = 1;
				DEVELOPMENT_TEAM = 35GM6XG62S;
				GENERATE_INFOPLIST_FILE = YES;
				MARKETING_VERSION = 1.0;
				PRODUCT_BUNDLE_IDENTIFIER = Academy.FlashCardsUITests;
				PRODUCT_NAME = "$(TARGET_NAME)";
				SWIFT_EMIT_LOC_STRINGS = NO;
				SWIFT_VERSION = 5.0;
				TARGETED_DEVICE_FAMILY = "1,2";
				TEST_TARGET_NAME = FlashCards;
			};
			name = Debug;
		};
		95EA35B028CCEAA9004155E4 /* Release */ = {
			isa = XCBuildConfiguration;
			buildSettings = {
				ALWAYS_EMBED_SWIFT_STANDARD_LIBRARIES = YES;
				CODE_SIGN_STYLE = Automatic;
				CURRENT_PROJECT_VERSION = 1;
				DEVELOPMENT_TEAM = 35GM6XG62S;
				GENERATE_INFOPLIST_FILE = YES;
				MARKETING_VERSION = 1.0;
				PRODUCT_BUNDLE_IDENTIFIER = Academy.FlashCardsUITests;
				PRODUCT_NAME = "$(TARGET_NAME)";
				SWIFT_EMIT_LOC_STRINGS = NO;
				SWIFT_VERSION = 5.0;
				TARGETED_DEVICE_FAMILY = "1,2";
				TEST_TARGET_NAME = FlashCards;
			};
			name = Release;
		};
/* End XCBuildConfiguration section */

/* Begin XCConfigurationList section */
		95EA357A28CCEAA8004155E4 /* Build configuration list for PBXProject "FlashCards" */ = {
			isa = XCConfigurationList;
			buildConfigurations = (
				95EA35A628CCEAA9004155E4 /* Debug */,
				95EA35A728CCEAA9004155E4 /* Release */,
			);
			defaultConfigurationIsVisible = 0;
			defaultConfigurationName = Release;
		};
		95EA35A828CCEAA9004155E4 /* Build configuration list for PBXNativeTarget "FlashCards" */ = {
			isa = XCConfigurationList;
			buildConfigurations = (
				95EA35A928CCEAA9004155E4 /* Debug */,
				95EA35AA28CCEAA9004155E4 /* Release */,
			);
			defaultConfigurationIsVisible = 0;
			defaultConfigurationName = Release;
		};
		95EA35AB28CCEAA9004155E4 /* Build configuration list for PBXNativeTarget "FlashCardsTests" */ = {
			isa = XCConfigurationList;
			buildConfigurations = (
				95EA35AC28CCEAA9004155E4 /* Debug */,
				95EA35AD28CCEAA9004155E4 /* Release */,
			);
			defaultConfigurationIsVisible = 0;
			defaultConfigurationName = Release;
		};
		95EA35AE28CCEAA9004155E4 /* Build configuration list for PBXNativeTarget "FlashCardsUITests" */ = {
			isa = XCConfigurationList;
			buildConfigurations = (
				95EA35AF28CCEAA9004155E4 /* Debug */,
				95EA35B028CCEAA9004155E4 /* Release */,
			);
			defaultConfigurationIsVisible = 0;
			defaultConfigurationName = Release;
		};
/* End XCConfigurationList section */

/* Begin XCVersionGroup section */
		95EA358D28CCEAA9004155E4 /* FlashCards.xcdatamodeld */ = {
			isa = XCVersionGroup;
			children = (
				95EA358E28CCEAA9004155E4 /* FlashCards.xcdatamodel */,
			);
			currentVersion = 95EA358E28CCEAA9004155E4 /* FlashCards.xcdatamodel */;
			path = FlashCards.xcdatamodeld;
			sourceTree = "<group>";
			versionGroupType = wrapper.xcdatamodel;
		};
/* End XCVersionGroup section */
	};
	rootObject = 95EA357728CCEAA8004155E4 /* Project object */;
}
